
Microsoft Visual Studio Solution File, Format Version 12.00
# Visual Studio Version 16
VisualStudioVersion = 16.0.30225.117
MinimumVisualStudioVersion = 10.0.40219.1
Project("{FAE04EC0-301F-11D3-BF4B-00C04F79EFBC}") = "YoutubeDownloader.Service", "YoutubeDownloader.Service\YoutubeDownloader.Service.csproj", "{098C8F79-3D8A-4595-B574-A4AB623D290E}"
EndProject
Project("{FAE04EC0-301F-11D3-BF4B-00C04F79EFBC}") = "YoutubeDownloader.Wpf", "YoutubeDownloader.Wpf\YoutubeDownloader.Wpf.csproj", "{4F3EB00E-4394-48E8-8B86-7774FA8016CC}"
EndProject
Project("{FAE04EC0-301F-11D3-BF4B-00C04F79EFBC}") = "YoutubeDownloader.YoutubeDlWrapper", "YoutubeDownloader.YoutubeDlWrapper\YoutubeDownloader.YoutubeDlWrapper.csproj", "{22CA3EC2-F2E4-4D7D-A099-3189DFB7FE8B}"
EndProject
Project("{FAE04EC0-301F-11D3-BF4B-00C04F79EFBC}") = "YoutubeDownloader.Models", "YoutubeDownloader.Models\YoutubeDownloader.Models.csproj", "{73D0A5AF-C3F1-4233-8CDE-AC2F9E9CEDA6}"
EndProject
Global
	GlobalSection(SolutionConfigurationPlatforms) = preSolution
		Debug|Any CPU = Debug|Any CPU
		Release|Any CPU = Release|Any CPU
	EndGlobalSection
	GlobalSection(ProjectConfigurationPlatforms) = postSolution
		{098C8F79-3D8A-4595-B574-A4AB623D290E}.Debug|Any CPU.ActiveCfg = Debug|Any CPU
		{098C8F79-3D8A-4595-B574-A4AB623D290E}.Debug|Any CPU.Build.0 = Debug|Any CPU
		{098C8F79-3D8A-4595-B574-A4AB623D290E}.Release|Any CPU.ActiveCfg = Release|Any CPU
		{098C8F79-3D8A-4595-B574-A4AB623D290E}.Release|Any CPU.Build.0 = Release|Any CPU
		{4F3EB00E-4394-48E8-8B86-7774FA8016CC}.Debug|Any CPU.ActiveCfg = Debug|Any CPU
		{4F3EB00E-4394-48E8-8B86-7774FA8016CC}.Debug|Any CPU.Build.0 = Debug|Any CPU
		{4F3EB00E-4394-48E8-8B86-7774FA8016CC}.Release|Any CPU.ActiveCfg = Release|Any CPU
		{4F3EB00E-4394-48E8-8B86-7774FA8016CC}.Release|Any CPU.Build.0 = Release|Any CPU
		{22CA3EC2-F2E4-4D7D-A099-3189DFB7FE8B}.Debug|Any CPU.ActiveCfg = Debug|Any CPU
		{22CA3EC2-F2E4-4D7D-A099-3189DFB7FE8B}.Debug|Any CPU.Build.0 = Debug|Any CPU
		{22CA3EC2-F2E4-4D7D-A099-3189DFB7FE8B}.Release|Any CPU.ActiveCfg = Release|Any CPU
		{22CA3EC2-F2E4-4D7D-A099-3189DFB7FE8B}.Release|Any CPU.Build.0 = Release|Any CPU
		{73D0A5AF-C3F1-4233-8CDE-AC2F9E9CEDA6}.Debug|Any CPU.ActiveCfg = Debug|Any CPU
		{73D0A5AF-C3F1-4233-8CDE-AC2F9E9CEDA6}.Debug|Any CPU.Build.0 = Debug|Any CPU
		{73D0A5AF-C3F1-4233-8CDE-AC2F9E9CEDA6}.Release|Any CPU.ActiveCfg = Release|Any CPU
		{73D0A5AF-C3F1-4233-8CDE-AC2F9E9CEDA6}.Release|Any CPU.Build.0 = Release|Any CPU
	EndGlobalSection
	GlobalSection(SolutionProperties) = preSolution
		HideSolutionNode = FALSE
	EndGlobalSection
	GlobalSection(ExtensibilityGlobals) = postSolution
		SolutionGuid = {0E7AB7FE-C650-4CB7-9EFD-5DCEE3FBFCF3}
	EndGlobalSection
EndGlobal
